// !$*UTF8*$!
{
	archiveVersion = 1;
	classes = {
	};
	objectVersion = 46;
	objects = {

/* Begin PBXBuildFile section */
		6D7E70281B862E6600B0B632 /* AppDelegate.swift in Sources */ = {isa = PBXBuildFile; fileRef = 6D7E70271B862E6600B0B632 /* AppDelegate.swift */; };
		6D7E702A1B862E6600B0B632 /* ViewController.swift in Sources */ = {isa = PBXBuildFile; fileRef = 6D7E70291B862E6600B0B632 /* ViewController.swift */; };
		6D7E702D1B862E6600B0B632 /* Main.storyboard in Resources */ = {isa = PBXBuildFile; fileRef = 6D7E702B1B862E6600B0B632 /* Main.storyboard */; };
		6D7E702F1B862E6600B0B632 /* Images.xcassets in Resources */ = {isa = PBXBuildFile; fileRef = 6D7E702E1B862E6600B0B632 /* Images.xcassets */; };
		6D7E70321B862E6600B0B632 /* LaunchScreen.xib in Resources */ = {isa = PBXBuildFile; fileRef = 6D7E70301B862E6600B0B632 /* LaunchScreen.xib */; };
		6D7E703E1B862E6700B0B632 /* PluralsTests.swift in Sources */ = {isa = PBXBuildFile; fileRef = 6D7E703D1B862E6700B0B632 /* PluralsTests.swift */; };
		6D7E704C1B8630E900B0B632 /* MonthsTableViewController.swift in Sources */ = {isa = PBXBuildFile; fileRef = 6D7E704B1B8630E900B0B632 /* MonthsTableViewController.swift */; };
		6D7E70501B863AC900B0B632 /* MonthTableViewCell.swift in Sources */ = {isa = PBXBuildFile; fileRef = 6D7E704F1B863AC900B0B632 /* MonthTableViewCell.swift */; };
		6D7E70591B86403B00B0B632 /* plurals.strings in Resources */ = {isa = PBXBuildFile; fileRef = 6D7E705B1B86403B00B0B632 /* plurals.strings */; };
		6D7E70601B8642D900B0B632 /* plurals.stringsdict in Resources */ = {isa = PBXBuildFile; fileRef = 6D7E70621B8642D900B0B632 /* plurals.stringsdict */; };
/* End PBXBuildFile section */

/* Begin PBXContainerItemProxy section */
		6D7E70381B862E6700B0B632 /* PBXContainerItemProxy */ = {
			isa = PBXContainerItemProxy;
			containerPortal = 6D7E701A1B862E6600B0B632 /* Project object */;
			proxyType = 1;
			remoteGlobalIDString = 6D7E70211B862E6600B0B632;
			remoteInfo = Plurals;
		};
/* End PBXContainerItemProxy section */

/* Begin PBXFileReference section */
		6D7E70221B862E6600B0B632 /* Plurals.app */ = {isa = PBXFileReference; explicitFileType = wrapper.application; includeInIndex = 0; path = Plurals.app; sourceTree = BUILT_PRODUCTS_DIR; };
		6D7E70261B862E6600B0B632 /* Info.plist */ = {isa = PBXFileReference; lastKnownFileType = text.plist.xml; path = Info.plist; sourceTree = "<group>"; };
		6D7E70271B862E6600B0B632 /* AppDelegate.swift */ = {isa = PBXFileReference; lastKnownFileType = sourcecode.swift; path = AppDelegate.swift; sourceTree = "<group>"; };
		6D7E70291B862E6600B0B632 /* ViewController.swift */ = {isa = PBXFileReference; lastKnownFileType = sourcecode.swift; path = ViewController.swift; sourceTree = "<group>"; };
		6D7E702C1B862E6600B0B632 /* Base */ = {isa = PBXFileReference; lastKnownFileType = file.storyboard; name = Base; path = Base.lproj/Main.storyboard; sourceTree = "<group>"; };
		6D7E702E1B862E6600B0B632 /* Images.xcassets */ = {isa = PBXFileReference; lastKnownFileType = folder.assetcatalog; path = Images.xcassets; sourceTree = "<group>"; };
		6D7E70311B862E6600B0B632 /* Base */ = {isa = PBXFileReference; lastKnownFileType = file.xib; name = Base; path = Base.lproj/LaunchScreen.xib; sourceTree = "<group>"; };
		6D7E70371B862E6700B0B632 /* PluralsTests.xctest */ = {isa = PBXFileReference; explicitFileType = wrapper.cfbundle; includeInIndex = 0; path = PluralsTests.xctest; sourceTree = BUILT_PRODUCTS_DIR; };
		6D7E703C1B862E6700B0B632 /* Info.plist */ = {isa = PBXFileReference; lastKnownFileType = text.plist.xml; path = Info.plist; sourceTree = "<group>"; };
		6D7E703D1B862E6700B0B632 /* PluralsTests.swift */ = {isa = PBXFileReference; lastKnownFileType = sourcecode.swift; path = PluralsTests.swift; sourceTree = "<group>"; };
		6D7E704B1B8630E900B0B632 /* MonthsTableViewController.swift */ = {isa = PBXFileReference; fileEncoding = 4; lastKnownFileType = sourcecode.swift; path = MonthsTableViewController.swift; sourceTree = "<group>"; };
		6D7E704D1B86378200B0B632 /* pl */ = {isa = PBXFileReference; lastKnownFileType = text.plist.strings; name = pl; path = pl.lproj/Main.strings; sourceTree = "<group>"; };
		6D7E704E1B86378200B0B632 /* pl */ = {isa = PBXFileReference; lastKnownFileType = text.plist.strings; name = pl; path = pl.lproj/LaunchScreen.strings; sourceTree = "<group>"; };
		6D7E704F1B863AC900B0B632 /* MonthTableViewCell.swift */ = {isa = PBXFileReference; fileEncoding = 4; lastKnownFileType = sourcecode.swift; path = MonthTableViewCell.swift; sourceTree = "<group>"; };
		6D7E705C1B86403F00B0B632 /* en */ = {isa = PBXFileReference; lastKnownFileType = text.plist.strings; name = en; path = en.lproj/plurals.strings; sourceTree = "<group>"; };
		6D7E705D1B86404100B0B632 /* pl */ = {isa = PBXFileReference; lastKnownFileType = text.plist.strings; name = pl; path = pl.lproj/plurals.strings; sourceTree = "<group>"; };
		6D7E70611B8642D900B0B632 /* en */ = {isa = PBXFileReference; lastKnownFileType = text.xml; name = en; path = en.lproj/plurals.stringsdict; sourceTree = "<group>"; };
		6D7E70631B86454E00B0B632 /* pl */ = {isa = PBXFileReference; lastKnownFileType = text.xml; name = pl; path = pl.lproj/plurals.stringsdict; sourceTree = "<group>"; };
/* End PBXFileReference section */

/* Begin PBXFrameworksBuildPhase section */
		6D7E701F1B862E6600B0B632 /* Frameworks */ = {
			isa = PBXFrameworksBuildPhase;
			buildActionMask = 2147483647;
			files = (
			);
			runOnlyForDeploymentPostprocessing = 0;
		};
		6D7E70341B862E6700B0B632 /* Frameworks */ = {
			isa = PBXFrameworksBuildPhase;
			buildActionMask = 2147483647;
			files = (
			);
			runOnlyForDeploymentPostprocessing = 0;
		};
/* End PBXFrameworksBuildPhase section */

/* Begin PBXGroup section */
		6D7E70191B862E6600B0B632 = {
			isa = PBXGroup;
			children = (
				6D7E70241B862E6600B0B632 /* Plurals */,
				6D7E703A1B862E6700B0B632 /* PluralsTests */,
				6D7E70231B862E6600B0B632 /* Products */,
			);
			sourceTree = "<group>";
		};
		6D7E70231B862E6600B0B632 /* Products */ = {
			isa = PBXGroup;
			children = (
				6D7E70221B862E6600B0B632 /* Plurals.app */,
				6D7E70371B862E6700B0B632 /* PluralsTests.xctest */,
			);
			name = Products;
			sourceTree = "<group>";
		};
		6D7E70241B862E6600B0B632 /* Plurals */ = {
			isa = PBXGroup;
			children = (
				6D7E70271B862E6600B0B632 /* AppDelegate.swift */,
				6D7E70291B862E6600B0B632 /* ViewController.swift */,
				6D7E702B1B862E6600B0B632 /* Main.storyboard */,
				6D7E702E1B862E6600B0B632 /* Images.xcassets */,
				6D7E70301B862E6600B0B632 /* LaunchScreen.xib */,
				6D7E70251B862E6600B0B632 /* Supporting Files */,
				6D7E704B1B8630E900B0B632 /* MonthsTableViewController.swift */,
				6D7E704F1B863AC900B0B632 /* MonthTableViewCell.swift */,
				6D7E705B1B86403B00B0B632 /* plurals.strings */,
				6D7E70621B8642D900B0B632 /* plurals.stringsdict */,
			);
			path = Plurals;
			sourceTree = "<group>";
		};
		6D7E70251B862E6600B0B632 /* Supporting Files */ = {
			isa = PBXGroup;
			children = (
				6D7E70261B862E6600B0B632 /* Info.plist */,
			);
			name = "Supporting Files";
			sourceTree = "<group>";
		};
		6D7E703A1B862E6700B0B632 /* PluralsTests */ = {
			isa = PBXGroup;
			children = (
				6D7E703D1B862E6700B0B632 /* PluralsTests.swift */,
				6D7E703B1B862E6700B0B632 /* Supporting Files */,
			);
			path = PluralsTests;
			sourceTree = "<group>";
		};
		6D7E703B1B862E6700B0B632 /* Supporting Files */ = {
			isa = PBXGroup;
			children = (
				6D7E703C1B862E6700B0B632 /* Info.plist */,
			);
			name = "Supporting Files";
			sourceTree = "<group>";
		};
/* End PBXGroup section */

/* Begin PBXNativeTarget section */
		6D7E70211B862E6600B0B632 /* Plurals */ = {
			isa = PBXNativeTarget;
			buildConfigurationList = 6D7E70411B862E6700B0B632 /* Build configuration list for PBXNativeTarget "Plurals" */;
			buildPhases = (
				6D7E701E1B862E6600B0B632 /* Sources */,
				6D7E701F1B862E6600B0B632 /* Frameworks */,
				6D7E70201B862E6600B0B632 /* Resources */,
			);
			buildRules = (
			);
			dependencies = (
			);
			name = Plurals;
			productName = Plurals;
			productReference = 6D7E70221B862E6600B0B632 /* Plurals.app */;
			productType = "com.apple.product-type.application";
		};
		6D7E70361B862E6700B0B632 /* PluralsTests */ = {
			isa = PBXNativeTarget;
			buildConfigurationList = 6D7E70441B862E6700B0B632 /* Build configuration list for PBXNativeTarget "PluralsTests" */;
			buildPhases = (
				6D7E70331B862E6700B0B632 /* Sources */,
				6D7E70341B862E6700B0B632 /* Frameworks */,
				6D7E70351B862E6700B0B632 /* Resources */,
			);
			buildRules = (
			);
			dependencies = (
				6D7E70391B862E6700B0B632 /* PBXTargetDependency */,
			);
			name = PluralsTests;
			productName = PluralsTests;
			productReference = 6D7E70371B862E6700B0B632 /* PluralsTests.xctest */;
			productType = "com.apple.product-type.bundle.unit-test";
		};
/* End PBXNativeTarget section */

/* Begin PBXProject section */
		6D7E701A1B862E6600B0B632 /* Project object */ = {
			isa = PBXProject;
			attributes = {
				LastUpgradeCheck = 0640;
				ORGANIZATIONNAME = "Edgar Neto";
				TargetAttributes = {
					6D7E70211B862E6600B0B632 = {
						CreatedOnToolsVersion = 6.4;
					};
					6D7E70361B862E6700B0B632 = {
						CreatedOnToolsVersion = 6.4;
						TestTargetID = 6D7E70211B862E6600B0B632;
					};
				};
			};
			buildConfigurationList = 6D7E701D1B862E6600B0B632 /* Build configuration list for PBXProject "Plurals" */;
			compatibilityVersion = "Xcode 3.2";
			developmentRegion = English;
			hasScannedForEncodings = 0;
			knownRegions = (
				en,
				Base,
				pl,
			);
			mainGroup = 6D7E70191B862E6600B0B632;
			productRefGroup = 6D7E70231B862E6600B0B632 /* Products */;
			projectDirPath = "";
			projectRoot = "";
			targets = (
				6D7E70211B862E6600B0B632 /* Plurals */,
				6D7E70361B862E6700B0B632 /* PluralsTests */,
			);
		};
/* End PBXProject section */

/* Begin PBXResourcesBuildPhase section */
		6D7E70201B862E6600B0B632 /* Resources */ = {
			isa = PBXResourcesBuildPhase;
			buildActionMask = 2147483647;
			files = (
				6D7E702D1B862E6600B0B632 /* Main.storyboard in Resources */,
				6D7E70321B862E6600B0B632 /* LaunchScreen.xib in Resources */,
				6D7E70591B86403B00B0B632 /* plurals.strings in Resources */,
				6D7E70601B8642D900B0B632 /* plurals.stringsdict in Resources */,
				6D7E702F1B862E6600B0B632 /* Images.xcassets in Resources */,
			);
			runOnlyForDeploymentPostprocessing = 0;
		};
		6D7E70351B862E6700B0B632 /* Resources */ = {
			isa = PBXResourcesBuildPhase;
			buildActionMask = 2147483647;
			files = (
			);
			runOnlyForDeploymentPostprocessing = 0;
		};
/* End PBXResourcesBuildPhase section */

/* Begin PBXSourcesBuildPhase section */
		6D7E701E1B862E6600B0B632 /* Sources */ = {
			isa = PBXSourcesBuildPhase;
			buildActionMask = 2147483647;
			files = (
				6D7E70501B863AC900B0B632 /* MonthTableViewCell.swift in Sources */,
				6D7E702A1B862E6600B0B632 /* ViewController.swift in Sources */,
				6D7E70281B862E6600B0B632 /* AppDelegate.swift in Sources */,
				6D7E704C1B8630E900B0B632 /* MonthsTableViewController.swift in Sources */,
			);
			runOnlyForDeploymentPostprocessing = 0;
		};
		6D7E70331B862E6700B0B632 /* Sources */ = {
			isa = PBXSourcesBuildPhase;
			buildActionMask = 2147483647;
			files = (
				6D7E703E1B862E6700B0B632 /* PluralsTests.swift in Sources */,
			);
			runOnlyForDeploymentPostprocessing = 0;
		};
/* End PBXSourcesBuildPhase section */

/* Begin PBXTargetDependency section */
		6D7E70391B862E6700B0B632 /* PBXTargetDependency */ = {
			isa = PBXTargetDependency;
			target = 6D7E70211B862E6600B0B632 /* Plurals */;
			targetProxy = 6D7E70381B862E6700B0B632 /* PBXContainerItemProxy */;
		};
/* End PBXTargetDependency section */

/* Begin PBXVariantGroup section */
		6D7E702B1B862E6600B0B632 /* Main.storyboard */ = {
			isa = PBXVariantGroup;
			children = (
				6D7E702C1B862E6600B0B632 /* Base */,
				6D7E704D1B86378200B0B632 /* pl */,
			);
			name = Main.storyboard;
			sourceTree = "<group>";
		};
		6D7E70301B862E6600B0B632 /* LaunchScreen.xib */ = {
			isa = PBXVariantGroup;
			children = (
				6D7E70311B862E6600B0B632 /* Base */,
				6D7E704E1B86378200B0B632 /* pl */,
			);
			name = LaunchScreen.xib;
			sourceTree = "<group>";
		};
		6D7E705B1B86403B00B0B632 /* plurals.strings */ = {
			isa = PBXVariantGroup;
			children = (
				6D7E705C1B86403F00B0B632 /* en */,
				6D7E705D1B86404100B0B632 /* pl */,
			);
			name = plurals.strings;
			sourceTree = "<group>";
		};
		6D7E70621B8642D900B0B632 /* plurals.stringsdict */ = {
			isa = PBXVariantGroup;
			children = (
				6D7E70611B8642D900B0B632 /* en */,
				6D7E70631B86454E00B0B632 /* pl */,
			);
			name = plurals.stringsdict;
			sourceTree = "<group>";
		};
/* End PBXVariantGroup section */

/* Begin XCBuildConfiguration section */
		6D7E703F1B862E6700B0B632 /* Debug */ = {
			isa = XCBuildConfiguration;
			buildSettings = {
				ALWAYS_SEARCH_USER_PATHS = NO;
				CLANG_CXX_LANGUAGE_STANDARD = "gnu++0x";
				CLANG_CXX_LIBRARY = "libc++";
				CLANG_ENABLE_MODULES = YES;
				CLANG_ENABLE_OBJC_ARC = YES;
				CLANG_WARN_BOOL_CONVERSION = YES;
				CLANG_WARN_CONSTANT_CONVERSION = YES;
				CLANG_WARN_DIRECT_OBJC_ISA_USAGE = YES_ERROR;
				CLANG_WARN_EMPTY_BODY = YES;
				CLANG_WARN_ENUM_CONVERSION = YES;
				CLANG_WARN_INT_CONVERSION = YES;
				CLANG_WARN_OBJC_ROOT_CLASS = YES_ERROR;
				CLANG_WARN_UNREACHABLE_CODE = YES;
				CLANG_WARN__DUPLICATE_METHOD_MATCH = YES;
				"CODE_SIGN_IDENTITY[sdk=iphoneos*]" = "iPhone Developer";
				COPY_PHASE_STRIP = NO;
				DEBUG_INFORMATION_FORMAT = "dwarf-with-dsym";
				ENABLE_STRICT_OBJC_MSGSEND = YES;
				GCC_C_LANGUAGE_STANDARD = gnu99;
				GCC_DYNAMIC_NO_PIC = NO;
				GCC_NO_COMMON_BLOCKS = YES;
				GCC_OPTIMIZATION_LEVEL = 0;
				GCC_PREPROCESSOR_DEFINITIONS = (
					"DEBUG=1",
					"$(inherited)",
				);
				GCC_SYMBOLS_PRIVATE_EXTERN = NO;
				GCC_WARN_64_TO_32_BIT_CONVERSION = YES;
				GCC_WARN_ABOUT_RETURN_TYPE = YES_ERROR;
				GCC_WARN_UNDECLARED_SELECTOR = YES;
				GCC_WARN_UNINITIALIZED_AUTOS = YES_AGGRESSIVE;
				GCC_WARN_UNUSED_FUNCTION = YES;
				GCC_WARN_UNUSED_VARIABLE = YES;
				IPHONEOS_DEPLOYMENT_TARGET = 8.4;
				MTL_ENABLE_DEBUG_INFO = YES;
				ONLY_ACTIVE_ARCH = YES;
				SDKROOT = iphoneos;
				SWIFT_OPTIMIZATION_LEVEL = "-Onone";
			};
			name = Debug;
		};
		6D7E70401B862E6700B0B632 /* Release */ = {
			isa = XCBuildConfiguration;
			buildSettings = {
				ALWAYS_SEARCH_USER_PATHS = NO;
				CLANG_CXX_LANGUAGE_STANDARD = "gnu++0x";
				CLANG_CXX_LIBRARY = "libc++";
				CLANG_ENABLE_MODULES = YES;
				CLANG_ENABLE_OBJC_ARC = YES;
				CLANG_WARN_BOOL_CONVERSION = YES;
				CLANG_WARN_CONSTANT_CONVERSION = YES;
				CLANG_WARN_DIRECT_OBJC_ISA_USAGE = YES_ERROR;
				CLANG_WARN_EMPTY_BODY = YES;
				CLANG_WARN_ENUM_CONVERSION = YES;
				CLANG_WARN_INT_CONVERSION = YES;
				CLANG_WARN_OBJC_ROOT_CLASS = YES_ERROR;
				CLANG_WARN_UNREACHABLE_CODE = YES;
				CLANG_WARN__DUPLICATE_METHOD_MATCH = YES;
				"CODE_SIGN_IDENTITY[sdk=iphoneos*]" = "iPhone Developer";
				COPY_PHASE_STRIP = NO;
				DEBUG_INFORMATION_FORMAT = "dwarf-with-dsym";
				ENABLE_NS_ASSERTIONS = NO;
				ENABLE_STRICT_OBJC_MSGSEND = YES;
				GCC_C_LANGUAGE_STANDARD = gnu99;
				GCC_NO_COMMON_BLOCKS = YES;
				GCC_WARN_64_TO_32_BIT_CONVERSION = YES;
				GCC_WARN_ABOUT_RETURN_TYPE = YES_ERROR;
				GCC_WARN_UNDECLARED_SELECTOR = YES;
				GCC_WARN_UNINITIALIZED_AUTOS = YES_AGGRESSIVE;
				GCC_WARN_UNUSED_FUNCTION = YES;
				GCC_WARN_UNUSED_VARIABLE = YES;
				IPHONEOS_DEPLOYMENT_TARGET = 8.4;
				MTL_ENABLE_DEBUG_INFO = NO;
				SDKROOT = iphoneos;
				VALIDATE_PRODUCT = YES;
			};
			name = Release;
		};
		6D7E70421B862E6700B0B632 /* Debug */ = {
			isa = XCBuildConfiguration;
			buildSettings = {
				ASSETCATALOG_COMPILER_APPICON_NAME = AppIcon;
				INFOPLIST_FILE = Plurals/Info.plist;
				LD_RUNPATH_SEARCH_PATHS = "$(inherited) @executable_path/Frameworks";
				PRODUCT_NAME = "$(TARGET_NAME)";
			};
			name = Debug;
		};
		6D7E70431B862E6700B0B632 /* Release */ = {
			isa = XCBuildConfiguration;
			buildSettings = {
				ASSETCATALOG_COMPILER_APPICON_NAME = AppIcon;
				INFOPLIST_FILE = Plurals/Info.plist;
				LD_RUNPATH_SEARCH_PATHS = "$(inherited) @executable_path/Frameworks";
				PRODUCT_NAME = "$(TARGET_NAME)";
			};
			name = Release;
		};
		6D7E70451B862E6700B0B632 /* Debug */ = {
			isa = XCBuildConfiguration;
			buildSettings = {
				BUNDLE_LOADER = "$(TEST_HOST)";
				FRAMEWORK_SEARCH_PATHS = (
					"$(SDKROOT)/Developer/Library/Frameworks",
					"$(inherited)",
				);
				GCC_PREPROCESSOR_DEFINITIONS = (
					"DEBUG=1",
					"$(inherited)",
				);
				INFOPLIST_FILE = PluralsTests/Info.plist;
				LD_RUNPATH_SEARCH_PATHS = "$(inherited) @executable_path/Frameworks @loader_path/Frameworks";
				PRODUCT_NAME = "$(TARGET_NAME)";
				TEST_HOST = "$(BUILT_PRODUCTS_DIR)/Plurals.app/Plurals";
			};
			name = Debug;
		};
		6D7E70461B862E6700B0B632 /* Release */ = {
			isa = XCBuildConfiguration;
			buildSettings = {
				BUNDLE_LOADER = "$(TEST_HOST)";
				FRAMEWORK_SEARCH_PATHS = (
					"$(SDKROOT)/Developer/Library/Frameworks",
					"$(inherited)",
				);
				INFOPLIST_FILE = PluralsTests/Info.plist;
				LD_RUNPATH_SEARCH_PATHS = "$(inherited) @executable_path/Frameworks @loader_path/Frameworks";
				PRODUCT_NAME = "$(TARGET_NAME)";
				TEST_HOST = "$(BUILT_PRODUCTS_DIR)/Plurals.app/Plurals";
			};
			name = Release;
		};
/* End XCBuildConfiguration section */

/* Begin XCConfigurationList section */
		6D7E701D1B862E6600B0B632 /* Build configuration list for PBXProject "Plurals" */ = {
			isa = XCConfigurationList;
			buildConfigurations = (
				6D7E703F1B862E6700B0B632 /* Debug */,
				6D7E70401B862E6700B0B632 /* Release */,
			);
			defaultConfigurationIsVisible = 0;
			defaultConfigurationName = Release;
		};
		6D7E70411B862E6700B0B632 /* Build configuration list for PBXNativeTarget "Plurals" */ = {
			isa = XCConfigurationList;
			buildConfigurations = (
				6D7E70421B862E6700B0B632 /* Debug */,
				6D7E70431B862E6700B0B632 /* Release */,
			);
			defaultConfigurationIsVisible = 0;
		};
		6D7E70441B862E6700B0B632 /* Build configuration list for PBXNativeTarget "PluralsTests" */ = {
			isa = XCConfigurationList;
			buildConfigurations = (
				6D7E70451B862E6700B0B632 /* Debug */,
				6D7E70461B862E6700B0B632 /* Release */,
			);
			defaultConfigurationIsVisible = 0;
		};
/* End XCConfigurationList section */
	};
	rootObject = 6D7E701A1B862E6600B0B632 /* Project object */;
}
